
Microsoft Visual Studio Solution File, Format Version 12.00
# Visual Studio Version 16
VisualStudioVersion = 16.0.30717.126
MinimumVisualStudioVersion = 10.0.40219.1
Project("{FAE04EC0-301F-11D3-BF4B-00C04F79EFBC}") = "OneSignal.net", "OneSignal.net\OneSignal.net.csproj", "{70378566-81A9-45B0-BFB8-56F7A3FCCA6E}"
EndProject
Global
	GlobalSection(SolutionConfigurationPlatforms) = preSolution
		Debug|Any CPU = Debug|Any CPU
		Release|Any CPU = Release|Any CPU
	EndGlobalSection
	GlobalSection(ProjectConfigurationPlatforms) = postSolution
		{70378566-81A9-45B0-BFB8-56F7A3FCCA6E}.Debug|Any CPU.ActiveCfg = Debug|Any CPU
		{70378566-81A9-45B0-BFB8-56F7A3FCCA6E}.Debug|Any CPU.Build.0 = Debug|Any CPU
		{70378566-81A9-45B0-BFB8-56F7A3FCCA6E}.Release|Any CPU.ActiveCfg = Release|Any CPU
		{70378566-81A9-45B0-BFB8-56F7A3FCCA6E}.Release|Any CPU.Build.0 = Release|Any CPU
	EndGlobalSection
	GlobalSection(SolutionProperties) = preSolution
		HideSolutionNode = FALSE
	EndGlobalSection
	GlobalSection(ExtensibilityGlobals) = postSolution
		SolutionGuid = {EC47482D-BF9E-46AC-A53B-14C2C9764C39}
	EndGlobalSection
EndGlobal
